# This file was autogenerated by Stack.
# You should not edit this file by hand.
# For more information, please see the documentation at:
#   https://docs.haskellstack.org/en/stable/lock_files

packages:
- completed:
    hackage: homotuple-0.2.0.0@sha256:4b6b315c645d3f944d494220fbf14b6b3b890c79ce03c4dd4be61636ef81d8a8,1952
    pantry-tree:
      size: 605
      sha256: 0afc19e17e363cba0a458d790d69e673eeca49d05258101a11582160e10caa75
  original:
    hackage: homotuple-0.2.0.0@rev:0
- completed:
    hackage: list-tuple-0.1.3.0@sha256:01ee6cb392c810ae6799672fc2c1c9722bcd96f8f79a1d01dd02ad20f153396f,2520
    pantry-tree:
      size: 840
      sha256: 3920f878eb8160fb09a777053ba5c70ad00bcd323f2f3d94e61e84f3f755c857
  original:
    hackage: list-tuple-0.1.3.0@rev:0
- completed:
    hackage: single-tuple-0.1.1.0@sha256:8dde826850b01f6b7ac053645e97e52e905e6e98cfbfec115c822ab7eb7e6dc5,1938
    pantry-tree:
      size: 441
      sha256: 83d204053a79ac4620f4e411830b869766912a8dd1ade5f20bbce7e8de0f817c
  original:
    hackage: single-tuple-0.1.1.0@rev:0
- completed:
    hackage: postgresql-placeholder-converter-0.2.0.0@sha256:b40af27779c1fd0366c67ccdf1d96975657e0c2199e8bf87f1d15af99a57a40a,2305
    pantry-tree:
      size: 609
      sha256: 78272e4202cdbfdee90f3854e517f2262c4487445e849501908582cb0f6f3ad4
  original:
    hackage: postgresql-placeholder-converter-0.2.0.0@rev:0
- completed:
    hackage: either-result-0.3.1.0@sha256:5c85fd23c8ee1691c73066888e6de6dd1ed3ff0efc8755c62635cabe72fcee8d,2288
    pantry-tree:
      size: 887
      sha256: a5b060583cda1c0dd13dadb8de4d168492c260765af261566616e0bedbfcc157
  original:
    hackage: either-result-0.3.1.0@rev:0
- completed:
    hackage: HDBC-postgresql-2.5.0.0@sha256:10ceb4f456bbd4768a3f0ab425d9b4d40cb0e17992083b881b37fe5d91b58aba,3050
    pantry-tree:
      size: 1611
      sha256: 9db472e5f433c07d097b6cdc6af354d0a40c0fd3c7205510973380ced739c764
  original:
    hackage: HDBC-postgresql-2.5.0.0@rev:0
snapshots:
- completed:
    size: 534126
    url: https://raw.githubusercontent.com/commercialhaskell/stackage-snapshots/master/lts/16/31.yaml
    sha256: 637fb77049b25560622a224845b7acfe81a09fdb6a96a3c75997a10b651667f6
  original: lts-16.31
